[[package]]
group = "com.google.errorprone"
artifact = "error_prone_annotations"
version = "2.47.0"
file_name = "error_prone_annotations-2.47.0.jar"
url = "https://repo1.maven.org/maven2/com/google/errorprone/error_prone_annotations/2.47.0/error_prone_annotations-2.47.0.jar"
dependancies = []

[[package]]
group = "com.google.guava"
artifact = "listenablefuture"
version = "9999.0-empty-to-avoid-conflict-with-guava"
file_name = "listenablefuture-9999.0-empty-to-avoid-conflict-with-guava.jar"
url = "https://repo1.maven.org/maven2/com/google/guava/listenablefuture/9999.0-empty-to-avoid-conflict-with-guava/listenablefuture-9999.0-empty-to-avoid-conflict-with-guava.jar"
dependancies = []

[[package]]
group = "org.jspecify"
artifact = "jspecify"
version = "1.0.0"
file_name = "jspecify-1.0.0.jar"
url = "https://repo1.maven.org/maven2/org/jspecify/jspecify/1.0.0/jspecify-1.0.0.jar"
dependancies = []

[[package]]
group = "com.google.guava"
artifact = "failureaccess"
version = "1.0.3"
file_name = "failureaccess-1.0.3.jar"
url = "https://repo1.maven.org/maven2/com/google/guava/failureaccess/1.0.3/failureaccess-1.0.3.jar"
dependancies = []

[[package]]
group = "com.google.j2objc"
artifact = "j2objc-annotations"
version = "3.1"
file_name = "j2objc-annotations-3.1.jar"
url = "https://repo1.maven.org/maven2/com/google/j2objc/j2objc-annotations/3.1/j2objc-annotations-3.1.jar"
dependancies = []
